// !$*UTF8*$!
{
	archiveVersion = 1;
	classes = {
	};
	objectVersion = 50;
	objects = {

/* Begin PBXBuildFile section */
		821C827621344F4100C2EFA7 /* Alamofire.framework in Frameworks */ = {isa = PBXBuildFile; fileRef = 821C827421344F4100C2EFA7 /* Alamofire.framework */; };
		821C827721344F4100C2EFA7 /* Alamofire.framework in Embed Frameworks */ = {isa = PBXBuildFile; fileRef = 821C827421344F4100C2EFA7 /* Alamofire.framework */; settings = {ATTRIBUTES = (CodeSignOnCopy, RemoveHeadersOnCopy, ); }; };
		821C827821344F4100C2EFA7 /* LayoutKit.framework in Frameworks */ = {isa = PBXBuildFile; fileRef = 821C827521344F4100C2EFA7 /* LayoutKit.framework */; };
		821C827921344F4100C2EFA7 /* LayoutKit.framework in Embed Frameworks */ = {isa = PBXBuildFile; fileRef = 821C827521344F4100C2EFA7 /* LayoutKit.framework */; settings = {ATTRIBUTES = (CodeSignOnCopy, RemoveHeadersOnCopy, ); }; };
		821C827F21344FA400C2EFA7 /* Alamofire.framework.dSYM in CopyFiles */ = {isa = PBXBuildFile; fileRef = 821C827D21344FA400C2EFA7 /* Alamofire.framework.dSYM */; };
		821C828021344FA400C2EFA7 /* LayoutKit.framework.dSYM in CopyFiles */ = {isa = PBXBuildFile; fileRef = 821C827E21344FA400C2EFA7 /* LayoutKit.framework.dSYM */; };
		821DBCBB213448B3001B58DC /* ProxyItemView.swift in Sources */ = {isa = PBXBuildFile; fileRef = 821DBCBA213448B3001B58DC /* ProxyItemView.swift */; };
		821DBCBD213448F3001B58DC /* ProxyItemAddView.swift in Sources */ = {isa = PBXBuildFile; fileRef = 821DBCBC213448F3001B58DC /* ProxyItemAddView.swift */; };
		8293463E2136FE340094719B /* Main.storyboard in Resources */ = {isa = PBXBuildFile; fileRef = 8293463D2136FE340094719B /* Main.storyboard */; };
		82EA134321316D8800759AE0 /* MainProxyListViewController.swift in Sources */ = {isa = PBXBuildFile; fileRef = 82EA134121316D8800759AE0 /* MainProxyListViewController.swift */; };
		82EA134621316DB200759AE0 /* MainProxyListViewModel.swift in Sources */ = {isa = PBXBuildFile; fileRef = 82EA134521316DB200759AE0 /* MainProxyListViewModel.swift */; };
		82EA134921316E2100759AE0 /* ProxyModel.swift in Sources */ = {isa = PBXBuildFile; fileRef = 82EA134821316E2100759AE0 /* ProxyModel.swift */; };
		82F15A63213110730079E98A /* AppDelegate.swift in Sources */ = {isa = PBXBuildFile; fileRef = 82F15A62213110730079E98A /* AppDelegate.swift */; };
		82F15A65213110750079E98A /* Assets.xcassets in Resources */ = {isa = PBXBuildFile; fileRef = 82F15A64213110750079E98A /* Assets.xcassets */; };
		82F15A74213110750079E98A /* V2RayCTests.swift in Sources */ = {isa = PBXBuildFile; fileRef = 82F15A73213110750079E98A /* V2RayCTests.swift */; };
		82F15A7F213110750079E98A /* V2RayCUITests.swift in Sources */ = {isa = PBXBuildFile; fileRef = 82F15A7E213110750079E98A /* V2RayCUITests.swift */; };
/* End PBXBuildFile section */

/* Begin PBXContainerItemProxy section */
		82F15A70213110750079E98A /* PBXContainerItemProxy */ = {
			isa = PBXContainerItemProxy;
			containerPortal = 82F15A57213110730079E98A /* Project object */;
			proxyType = 1;
			remoteGlobalIDString = 82F15A5E213110730079E98A;
			remoteInfo = V2RayC;
		};
		82F15A7B213110750079E98A /* PBXContainerItemProxy */ = {
			isa = PBXContainerItemProxy;
			containerPortal = 82F15A57213110730079E98A /* Project object */;
			proxyType = 1;
			remoteGlobalIDString = 82F15A5E213110730079E98A;
			remoteInfo = V2RayC;
		};
/* End PBXContainerItemProxy section */

/* Begin PBXCopyFilesBuildPhase section */
		821C827A21344F4100C2EFA7 /* Embed Frameworks */ = {
			isa = PBXCopyFilesBuildPhase;
			buildActionMask = 2147483647;
			dstPath = "";
			dstSubfolderSpec = 10;
			files = (
				821C827721344F4100C2EFA7 /* Alamofire.framework in Embed Frameworks */,
				821C827921344F4100C2EFA7 /* LayoutKit.framework in Embed Frameworks */,
			);
			name = "Embed Frameworks";
			runOnlyForDeploymentPostprocessing = 0;
		};
		821C827B21344F6700C2EFA7 /* CopyFiles */ = {
			isa = PBXCopyFilesBuildPhase;
			buildActionMask = 2147483647;
			dstPath = "";
			dstSubfolderSpec = 16;
			files = (
				821C827F21344FA400C2EFA7 /* Alamofire.framework.dSYM in CopyFiles */,
				821C828021344FA400C2EFA7 /* LayoutKit.framework.dSYM in CopyFiles */,
			);
			runOnlyForDeploymentPostprocessing = 0;
		};
/* End PBXCopyFilesBuildPhase section */

/* Begin PBXFileReference section */
		821C827421344F4100C2EFA7 /* Alamofire.framework */ = {isa = PBXFileReference; lastKnownFileType = wrapper.framework; name = Alamofire.framework; path = Carthage/Build/Mac/Alamofire.framework; sourceTree = "<group>"; };
		821C827521344F4100C2EFA7 /* LayoutKit.framework */ = {isa = PBXFileReference; lastKnownFileType = wrapper.framework; name = LayoutKit.framework; path = Carthage/Build/Mac/LayoutKit.framework; sourceTree = "<group>"; };
		821C827D21344FA400C2EFA7 /* Alamofire.framework.dSYM */ = {isa = PBXFileReference; lastKnownFileType = wrapper.dsym; name = Alamofire.framework.dSYM; path = Carthage/Build/Mac/Alamofire.framework.dSYM; sourceTree = "<group>"; };
		821C827E21344FA400C2EFA7 /* LayoutKit.framework.dSYM */ = {isa = PBXFileReference; lastKnownFileType = wrapper.dsym; name = LayoutKit.framework.dSYM; path = Carthage/Build/Mac/LayoutKit.framework.dSYM; sourceTree = "<group>"; };
		821DBCBA213448B3001B58DC /* ProxyItemView.swift */ = {isa = PBXFileReference; lastKnownFileType = sourcecode.swift; path = ProxyItemView.swift; sourceTree = "<group>"; };
		821DBCBC213448F3001B58DC /* ProxyItemAddView.swift */ = {isa = PBXFileReference; lastKnownFileType = sourcecode.swift; path = ProxyItemAddView.swift; sourceTree = "<group>"; };
		8293463D2136FE340094719B /* Main.storyboard */ = {isa = PBXFileReference; lastKnownFileType = file.storyboard; path = Main.storyboard; sourceTree = "<group>"; };
		82EA134121316D8800759AE0 /* MainProxyListViewController.swift */ = {isa = PBXFileReference; lastKnownFileType = sourcecode.swift; path = MainProxyListViewController.swift; sourceTree = "<group>"; };
		82EA134521316DB200759AE0 /* MainProxyListViewModel.swift */ = {isa = PBXFileReference; lastKnownFileType = sourcecode.swift; path = MainProxyListViewModel.swift; sourceTree = "<group>"; };
		82EA134821316E2100759AE0 /* ProxyModel.swift */ = {isa = PBXFileReference; lastKnownFileType = sourcecode.swift; path = ProxyModel.swift; sourceTree = "<group>"; };
		82F15A5F213110730079E98A /* V2RayC.app */ = {isa = PBXFileReference; explicitFileType = wrapper.application; includeInIndex = 0; path = V2RayC.app; sourceTree = BUILT_PRODUCTS_DIR; };
		82F15A62213110730079E98A /* AppDelegate.swift */ = {isa = PBXFileReference; lastKnownFileType = sourcecode.swift; path = AppDelegate.swift; sourceTree = "<group>"; };
		82F15A64213110750079E98A /* Assets.xcassets */ = {isa = PBXFileReference; lastKnownFileType = folder.assetcatalog; path = Assets.xcassets; sourceTree = "<group>"; };
		82F15A69213110750079E98A /* Info.plist */ = {isa = PBXFileReference; lastKnownFileType = text.plist.xml; path = Info.plist; sourceTree = "<group>"; };
		82F15A6A213110750079E98A /* V2RayC.entitlements */ = {isa = PBXFileReference; lastKnownFileType = text.plist.entitlements; path = V2RayC.entitlements; sourceTree = "<group>"; };
		82F15A6F213110750079E98A /* V2RayCTests.xctest */ = {isa = PBXFileReference; explicitFileType = wrapper.cfbundle; includeInIndex = 0; path = V2RayCTests.xctest; sourceTree = BUILT_PRODUCTS_DIR; };
		82F15A73213110750079E98A /* V2RayCTests.swift */ = {isa = PBXFileReference; lastKnownFileType = sourcecode.swift; path = V2RayCTests.swift; sourceTree = "<group>"; };
		82F15A75213110750079E98A /* Info.plist */ = {isa = PBXFileReference; lastKnownFileType = text.plist.xml; path = Info.plist; sourceTree = "<group>"; };
		82F15A7A213110750079E98A /* V2RayCUITests.xctest */ = {isa = PBXFileReference; explicitFileType = wrapper.cfbundle; includeInIndex = 0; path = V2RayCUITests.xctest; sourceTree = BUILT_PRODUCTS_DIR; };
		82F15A7E213110750079E98A /* V2RayCUITests.swift */ = {isa = PBXFileReference; lastKnownFileType = sourcecode.swift; path = V2RayCUITests.swift; sourceTree = "<group>"; };
		82F15A80213110750079E98A /* Info.plist */ = {isa = PBXFileReference; lastKnownFileType = text.plist.xml; path = Info.plist; sourceTree = "<group>"; };
/* End PBXFileReference section */

/* Begin PBXFrameworksBuildPhase section */
		82F15A5C213110730079E98A /* Frameworks */ = {
			isa = PBXFrameworksBuildPhase;
			buildActionMask = 2147483647;
			files = (
				821C827621344F4100C2EFA7 /* Alamofire.framework in Frameworks */,
				821C827821344F4100C2EFA7 /* LayoutKit.framework in Frameworks */,
			);
			runOnlyForDeploymentPostprocessing = 0;
		};
		82F15A6C213110750079E98A /* Frameworks */ = {
			isa = PBXFrameworksBuildPhase;
			buildActionMask = 2147483647;
			files = (
			);
			runOnlyForDeploymentPostprocessing = 0;
		};
		82F15A77213110750079E98A /* Frameworks */ = {
			isa = PBXFrameworksBuildPhase;
			buildActionMask = 2147483647;
			files = (
			);
			runOnlyForDeploymentPostprocessing = 0;
		};
/* End PBXFrameworksBuildPhase section */

/* Begin PBXGroup section */
		821DBCB921344898001B58DC /* Views */ = {
			isa = PBXGroup;
			children = (
				821DBCBA213448B3001B58DC /* ProxyItemView.swift */,
				821DBCBC213448F3001B58DC /* ProxyItemAddView.swift */,
			);
			path = Views;
			sourceTree = "<group>";
		};
		82EA133F21316D5D00759AE0 /* Src */ = {
			isa = PBXGroup;
			children = (
				821DBCB921344898001B58DC /* Views */,
				82EA134721316DF800759AE0 /* Models */,
				82EA134021316D5D00759AE0 /* MainProxyListViewController */,
			);
			path = Src;
			sourceTree = "<group>";
		};
		82EA134021316D5D00759AE0 /* MainProxyListViewController */ = {
			isa = PBXGroup;
			children = (
				82EA134121316D8800759AE0 /* MainProxyListViewController.swift */,
				82EA134521316DB200759AE0 /* MainProxyListViewModel.swift */,
			);
			path = MainProxyListViewController;
			sourceTree = "<group>";
		};
		82EA134721316DF800759AE0 /* Models */ = {
			isa = PBXGroup;
			children = (
				82EA134821316E2100759AE0 /* ProxyModel.swift */,
			);
			path = Models;
			sourceTree = "<group>";
		};
		82F15A56213110730079E98A = {
			isa = PBXGroup;
			children = (
				821C827D21344FA400C2EFA7 /* Alamofire.framework.dSYM */,
				821C827E21344FA400C2EFA7 /* LayoutKit.framework.dSYM */,
				821C827421344F4100C2EFA7 /* Alamofire.framework */,
				821C827521344F4100C2EFA7 /* LayoutKit.framework */,
				82F15A61213110730079E98A /* V2RayC */,
				82F15A72213110750079E98A /* V2RayCTests */,
				82F15A7D213110750079E98A /* V2RayCUITests */,
				82F15A60213110730079E98A /* Products */,
			);
			sourceTree = "<group>";
		};
		82F15A60213110730079E98A /* Products */ = {
			isa = PBXGroup;
			children = (
				82F15A5F213110730079E98A /* V2RayC.app */,
				82F15A6F213110750079E98A /* V2RayCTests.xctest */,
				82F15A7A213110750079E98A /* V2RayCUITests.xctest */,
			);
			name = Products;
			sourceTree = "<group>";
		};
		82F15A61213110730079E98A /* V2RayC */ = {
			isa = PBXGroup;
			children = (
				82EA133F21316D5D00759AE0 /* Src */,
				82F15A62213110730079E98A /* AppDelegate.swift */,
				82F15A64213110750079E98A /* Assets.xcassets */,
				82F15A69213110750079E98A /* Info.plist */,
				82F15A6A213110750079E98A /* V2RayC.entitlements */,
				8293463D2136FE340094719B /* Main.storyboard */,
			);
			path = V2RayC;
			sourceTree = "<group>";
		};
		82F15A72213110750079E98A /* V2RayCTests */ = {
			isa = PBXGroup;
			children = (
				82F15A73213110750079E98A /* V2RayCTests.swift */,
				82F15A75213110750079E98A /* Info.plist */,
			);
			path = V2RayCTests;
			sourceTree = "<group>";
		};
		82F15A7D213110750079E98A /* V2RayCUITests */ = {
			isa = PBXGroup;
			children = (
				82F15A7E213110750079E98A /* V2RayCUITests.swift */,
				82F15A80213110750079E98A /* Info.plist */,
			);
			path = V2RayCUITests;
			sourceTree = "<group>";
		};
/* End PBXGroup section */

/* Begin PBXNativeTarget section */
		82F15A5E213110730079E98A /* V2RayC */ = {
			isa = PBXNativeTarget;
			buildConfigurationList = 82F15A83213110750079E98A /* Build configuration list for PBXNativeTarget "V2RayC" */;
			buildPhases = (
				82F15A5B213110730079E98A /* Sources */,
				82F15A5C213110730079E98A /* Frameworks */,
				82F15A5D213110730079E98A /* Resources */,
				821C827A21344F4100C2EFA7 /* Embed Frameworks */,
				821C827B21344F6700C2EFA7 /* CopyFiles */,
			);
			buildRules = (
			);
			dependencies = (
			);
			name = V2RayC;
			productName = V2RayC;
			productReference = 82F15A5F213110730079E98A /* V2RayC.app */;
			productType = "com.apple.product-type.application";
		};
		82F15A6E213110750079E98A /* V2RayCTests */ = {
			isa = PBXNativeTarget;
			buildConfigurationList = 82F15A86213110750079E98A /* Build configuration list for PBXNativeTarget "V2RayCTests" */;
			buildPhases = (
				82F15A6B213110750079E98A /* Sources */,
				82F15A6C213110750079E98A /* Frameworks */,
				82F15A6D213110750079E98A /* Resources */,
			);
			buildRules = (
			);
			dependencies = (
				82F15A71213110750079E98A /* PBXTargetDependency */,
			);
			name = V2RayCTests;
			productName = V2RayCTests;
			productReference = 82F15A6F213110750079E98A /* V2RayCTests.xctest */;
			productType = "com.apple.product-type.bundle.unit-test";
		};
		82F15A79213110750079E98A /* V2RayCUITests */ = {
			isa = PBXNativeTarget;
			buildConfigurationList = 82F15A89213110750079E98A /* Build configuration list for PBXNativeTarget "V2RayCUITests" */;
			buildPhases = (
				82F15A76213110750079E98A /* Sources */,
				82F15A77213110750079E98A /* Frameworks */,
				82F15A78213110750079E98A /* Resources */,
			);
			buildRules = (
			);
			dependencies = (
				82F15A7C213110750079E98A /* PBXTargetDependency */,
			);
			name = V2RayCUITests;
			productName = V2RayCUITests;
			productReference = 82F15A7A213110750079E98A /* V2RayCUITests.xctest */;
			productType = "com.apple.product-type.bundle.ui-testing";
		};
/* End PBXNativeTarget section */

/* Begin PBXProject section */
		82F15A57213110730079E98A /* Project object */ = {
			isa = PBXProject;
			attributes = {
				LastSwiftUpdateCheck = 0940;
				LastUpgradeCheck = 0940;
				ORGANIZATIONNAME = cedric;
				TargetAttributes = {
					82F15A5E213110730079E98A = {
						CreatedOnToolsVersion = 9.4.1;
					};
					82F15A6E213110750079E98A = {
						CreatedOnToolsVersion = 9.4.1;
						TestTargetID = 82F15A5E213110730079E98A;
					};
					82F15A79213110750079E98A = {
						CreatedOnToolsVersion = 9.4.1;
						TestTargetID = 82F15A5E213110730079E98A;
					};
				};
			};
			buildConfigurationList = 82F15A5A213110730079E98A /* Build configuration list for PBXProject "V2RayC" */;
			compatibilityVersion = "Xcode 9.3";
			developmentRegion = en;
			hasScannedForEncodings = 0;
			knownRegions = (
				en,
				Base,
			);
			mainGroup = 82F15A56213110730079E98A;
			productRefGroup = 82F15A60213110730079E98A /* Products */;
			projectDirPath = "";
			projectRoot = "";
			targets = (
				82F15A5E213110730079E98A /* V2RayC */,
				82F15A6E213110750079E98A /* V2RayCTests */,
				82F15A79213110750079E98A /* V2RayCUITests */,
			);
		};
/* End PBXProject section */

/* Begin PBXResourcesBuildPhase section */
		82F15A5D213110730079E98A /* Resources */ = {
			isa = PBXResourcesBuildPhase;
			buildActionMask = 2147483647;
			files = (
				82F15A65213110750079E98A /* Assets.xcassets in Resources */,
				8293463E2136FE340094719B /* Main.storyboard in Resources */,
			);
			runOnlyForDeploymentPostprocessing = 0;
		};
		82F15A6D213110750079E98A /* Resources */ = {
			isa = PBXResourcesBuildPhase;
			buildActionMask = 2147483647;
			files = (
			);
			runOnlyForDeploymentPostprocessing = 0;
		};
		82F15A78213110750079E98A /* Resources */ = {
			isa = PBXResourcesBuildPhase;
			buildActionMask = 2147483647;
			files = (
			);
			runOnlyForDeploymentPostprocessing = 0;
		};
/* End PBXResourcesBuildPhase section */

/* Begin PBXSourcesBuildPhase section */
		82F15A5B213110730079E98A /* Sources */ = {
			isa = PBXSourcesBuildPhase;
			buildActionMask = 2147483647;
			files = (
				821DBCBB213448B3001B58DC /* ProxyItemView.swift in Sources */,
				82EA134321316D8800759AE0 /* MainProxyListViewController.swift in Sources */,
				82EA134621316DB200759AE0 /* MainProxyListViewModel.swift in Sources */,
				82EA134921316E2100759AE0 /* ProxyModel.swift in Sources */,
				821DBCBD213448F3001B58DC /* ProxyItemAddView.swift in Sources */,
				82F15A63213110730079E98A /* AppDelegate.swift in Sources */,
			);
			runOnlyForDeploymentPostprocessing = 0;
		};
		82F15A6B213110750079E98A /* Sources */ = {
			isa = PBXSourcesBuildPhase;
			buildActionMask = 2147483647;
			files = (
				82F15A74213110750079E98A /* V2RayCTests.swift in Sources */,
			);
			runOnlyForDeploymentPostprocessing = 0;
		};
		82F15A76213110750079E98A /* Sources */ = {
			isa = PBXSourcesBuildPhase;
			buildActionMask = 2147483647;
			files = (
				82F15A7F213110750079E98A /* V2RayCUITests.swift in Sources */,
			);
			runOnlyForDeploymentPostprocessing = 0;
		};
/* End PBXSourcesBuildPhase section */

/* Begin PBXTargetDependency section */
		82F15A71213110750079E98A /* PBXTargetDependency */ = {
			isa = PBXTargetDependency;
			target = 82F15A5E213110730079E98A /* V2RayC */;
			targetProxy = 82F15A70213110750079E98A /* PBXContainerItemProxy */;
		};
		82F15A7C213110750079E98A /* PBXTargetDependency */ = {
			isa = PBXTargetDependency;
			target = 82F15A5E213110730079E98A /* V2RayC */;
			targetProxy = 82F15A7B213110750079E98A /* PBXContainerItemProxy */;
		};
/* End PBXTargetDependency section */

/* Begin XCBuildConfiguration section */
		82F15A81213110750079E98A /* Debug */ = {
			isa = XCBuildConfiguration;
			buildSettings = {
				ALWAYS_SEARCH_USER_PATHS = NO;
				CLANG_ANALYZER_NONNULL = YES;
				CLANG_ANALYZER_NUMBER_OBJECT_CONVERSION = YES_AGGRESSIVE;
				CLANG_CXX_LANGUAGE_STANDARD = "gnu++14";
				CLANG_CXX_LIBRARY = "libc++";
				CLANG_ENABLE_MODULES = YES;
				CLANG_ENABLE_OBJC_ARC = YES;
				CLANG_ENABLE_OBJC_WEAK = YES;
				CLANG_WARN_BLOCK_CAPTURE_AUTORELEASING = YES;
				CLANG_WARN_BOOL_CONVERSION = YES;
				CLANG_WARN_COMMA = YES;
				CLANG_WARN_CONSTANT_CONVERSION = YES;
				CLANG_WARN_DEPRECATED_OBJC_IMPLEMENTATIONS = YES;
				CLANG_WARN_DIRECT_OBJC_ISA_USAGE = YES_ERROR;
				CLANG_WARN_DOCUMENTATION_COMMENTS = YES;
				CLANG_WARN_EMPTY_BODY = YES;
				CLANG_WARN_ENUM_CONVERSION = YES;
				CLANG_WARN_INFINITE_RECURSION = YES;
				CLANG_WARN_INT_CONVERSION = YES;
				CLANG_WARN_NON_LITERAL_NULL_CONVERSION = YES;
				CLANG_WARN_OBJC_IMPLICIT_RETAIN_SELF = YES;
				CLANG_WARN_OBJC_LITERAL_CONVERSION = YES;
				CLANG_WARN_OBJC_ROOT_CLASS = YES_ERROR;
				CLANG_WARN_RANGE_LOOP_ANALYSIS = YES;
				CLANG_WARN_STRICT_PROTOTYPES = YES;
				CLANG_WARN_SUSPICIOUS_MOVE = YES;
				CLANG_WARN_UNGUARDED_AVAILABILITY = YES_AGGRESSIVE;
				CLANG_WARN_UNREACHABLE_CODE = YES;
				CLANG_WARN__DUPLICATE_METHOD_MATCH = YES;
				CODE_SIGN_IDENTITY = "Mac Developer";
				COPY_PHASE_STRIP = NO;
				DEBUG_INFORMATION_FORMAT = dwarf;
				ENABLE_STRICT_OBJC_MSGSEND = YES;
				ENABLE_TESTABILITY = YES;
				GCC_C_LANGUAGE_STANDARD = gnu11;
				GCC_DYNAMIC_NO_PIC = NO;
				GCC_NO_COMMON_BLOCKS = YES;
				GCC_OPTIMIZATION_LEVEL = 0;
				GCC_PREPROCESSOR_DEFINITIONS = (
					"DEBUG=1",
					"$(inherited)",
				);
				GCC_WARN_64_TO_32_BIT_CONVERSION = YES;
				GCC_WARN_ABOUT_RETURN_TYPE = YES_ERROR;
				GCC_WARN_UNDECLARED_SELECTOR = YES;
				GCC_WARN_UNINITIALIZED_AUTOS = YES_AGGRESSIVE;
				GCC_WARN_UNUSED_FUNCTION = YES;
				GCC_WARN_UNUSED_VARIABLE = YES;
				MACOSX_DEPLOYMENT_TARGET = 10.13;
				MTL_ENABLE_DEBUG_INFO = YES;
				ONLY_ACTIVE_ARCH = YES;
				SDKROOT = macosx;
				SWIFT_ACTIVE_COMPILATION_CONDITIONS = DEBUG;
				SWIFT_OPTIMIZATION_LEVEL = "-Onone";
			};
			name = Debug;
		};
		82F15A82213110750079E98A /* Release */ = {
			isa = XCBuildConfiguration;
			buildSettings = {
				ALWAYS_SEARCH_USER_PATHS = NO;
				CLANG_ANALYZER_NONNULL = YES;
				CLANG_ANALYZER_NUMBER_OBJECT_CONVERSION = YES_AGGRESSIVE;
				CLANG_CXX_LANGUAGE_STANDARD = "gnu++14";
				CLANG_CXX_LIBRARY = "libc++";
				CLANG_ENABLE_MODULES = YES;
				CLANG_ENABLE_OBJC_ARC = YES;
				CLANG_ENABLE_OBJC_WEAK = YES;
				CLANG_WARN_BLOCK_CAPTURE_AUTORELEASING = YES;
				CLANG_WARN_BOOL_CONVERSION = YES;
				CLANG_WARN_COMMA = YES;
				CLANG_WARN_CONSTANT_CONVERSION = YES;
				CLANG_WARN_DEPRECATED_OBJC_IMPLEMENTATIONS = YES;
				CLANG_WARN_DIRECT_OBJC_ISA_USAGE = YES_ERROR;
				CLANG_WARN_DOCUMENTATION_COMMENTS = YES;
				CLANG_WARN_EMPTY_BODY = YES;
				CLANG_WARN_ENUM_CONVERSION = YES;
				CLANG_WARN_INFINITE_RECURSION = YES;
				CLANG_WARN_INT_CONVERSION = YES;
				CLANG_WARN_NON_LITERAL_NULL_CONVERSION = YES;
				CLANG_WARN_OBJC_IMPLICIT_RETAIN_SELF = YES;
				CLANG_WARN_OBJC_LITERAL_CONVERSION = YES;
				CLANG_WARN_OBJC_ROOT_CLASS = YES_ERROR;
				CLANG_WARN_RANGE_LOOP_ANALYSIS = YES;
				CLANG_WARN_STRICT_PROTOTYPES = YES;
				CLANG_WARN_SUSPICIOUS_MOVE = YES;
				CLANG_WARN_UNGUARDED_AVAILABILITY = YES_AGGRESSIVE;
				CLANG_WARN_UNREACHABLE_CODE = YES;
				CLANG_WARN__DUPLICATE_METHOD_MATCH = YES;
				CODE_SIGN_IDENTITY = "Mac Developer";
				COPY_PHASE_STRIP = NO;
				DEBUG_INFORMATION_FORMAT = "dwarf-with-dsym";
				ENABLE_NS_ASSERTIONS = NO;
				ENABLE_STRICT_OBJC_MSGSEND = YES;
				GCC_C_LANGUAGE_STANDARD = gnu11;
				GCC_NO_COMMON_BLOCKS = YES;
				GCC_WARN_64_TO_32_BIT_CONVERSION = YES;
				GCC_WARN_ABOUT_RETURN_TYPE = YES_ERROR;
				GCC_WARN_UNDECLARED_SELECTOR = YES;
				GCC_WARN_UNINITIALIZED_AUTOS = YES_AGGRESSIVE;
				GCC_WARN_UNUSED_FUNCTION = YES;
				GCC_WARN_UNUSED_VARIABLE = YES;
				MACOSX_DEPLOYMENT_TARGET = 10.13;
				MTL_ENABLE_DEBUG_INFO = NO;
				SDKROOT = macosx;
				SWIFT_COMPILATION_MODE = wholemodule;
				SWIFT_OPTIMIZATION_LEVEL = "-O";
			};
			name = Release;
		};
		82F15A84213110750079E98A /* Debug */ = {
			isa = XCBuildConfiguration;
			buildSettings = {
				ASSETCATALOG_COMPILER_APPICON_NAME = AppIcon;
				CODE_SIGN_ENTITLEMENTS = V2RayC/V2RayC.entitlements;
				CODE_SIGN_STYLE = Automatic;
				COMBINE_HIDPI_IMAGES = YES;
				DEVELOPMENT_TEAM = D64HA3E2LQ;
				FRAMEWORK_SEARCH_PATHS = (
					"$(inherited)",
					"$(PROJECT_DIR)/Carthage/Build/Mac",
				);
				INFOPLIST_FILE = V2RayC/Info.plist;
				LD_RUNPATH_SEARCH_PATHS = (
					"$(inherited)",
					"@executable_path/../Frameworks",
				);
				PRODUCT_BUNDLE_IDENTIFIER = com.dromen.V2RayC;
				PRODUCT_NAME = "$(TARGET_NAME)";
				SWIFT_VERSION = 4.0;
			};
			name = Debug;
		};
		82F15A85213110750079E98A /* Release */ = {
			isa = XCBuildConfiguration;
			buildSettings = {
				ASSETCATALOG_COMPILER_APPICON_NAME = AppIcon;
				CODE_SIGN_ENTITLEMENTS = V2RayC/V2RayC.entitlements;
				CODE_SIGN_STYLE = Automatic;
				COMBINE_HIDPI_IMAGES = YES;
				DEVELOPMENT_TEAM = D64HA3E2LQ;
				FRAMEWORK_SEARCH_PATHS = (
					"$(inherited)",
					"$(PROJECT_DIR)/Carthage/Build/Mac",
				);
				INFOPLIST_FILE = V2RayC/Info.plist;
				LD_RUNPATH_SEARCH_PATHS = (
					"$(inherited)",
					"@executable_path/../Frameworks",
				);
				PRODUCT_BUNDLE_IDENTIFIER = com.dromen.V2RayC;
				PRODUCT_NAME = "$(TARGET_NAME)";
				SWIFT_VERSION = 4.0;
			};
			name = Release;
		};
		82F15A87213110750079E98A /* Debug */ = {
			isa = XCBuildConfiguration;
			buildSettings = {
				ALWAYS_EMBED_SWIFT_STANDARD_LIBRARIES = YES;
				BUNDLE_LOADER = "$(TEST_HOST)";
				CODE_SIGN_STYLE = Automatic;
				COMBINE_HIDPI_IMAGES = YES;
				DEVELOPMENT_TEAM = D64HA3E2LQ;
				INFOPLIST_FILE = V2RayCTests/Info.plist;
				LD_RUNPATH_SEARCH_PATHS = (
					"$(inherited)",
					"@executable_path/../Frameworks",
					"@loader_path/../Frameworks",
				);
				PRODUCT_BUNDLE_IDENTIFIER = com.dromen.V2RayCTests;
				PRODUCT_NAME = "$(TARGET_NAME)";
				SWIFT_VERSION = 4.0;
				TEST_HOST = "$(BUILT_PRODUCTS_DIR)/V2RayC.app/Contents/MacOS/V2RayC";
			};
			name = Debug;
		};
		82F15A88213110750079E98A /* Release */ = {
			isa = XCBuildConfiguration;
			buildSettings = {
				ALWAYS_EMBED_SWIFT_STANDARD_LIBRARIES = YES;
				BUNDLE_LOADER = "$(TEST_HOST)";
				CODE_SIGN_STYLE = Automatic;
				COMBINE_HIDPI_IMAGES = YES;
				DEVELOPMENT_TEAM = D64HA3E2LQ;
				INFOPLIST_FILE = V2RayCTests/Info.plist;
				LD_RUNPATH_SEARCH_PATHS = (
					"$(inherited)",
					"@executable_path/../Frameworks",
					"@loader_path/../Frameworks",
				);
				PRODUCT_BUNDLE_IDENTIFIER = com.dromen.V2RayCTests;
				PRODUCT_NAME = "$(TARGET_NAME)";
				SWIFT_VERSION = 4.0;
				TEST_HOST = "$(BUILT_PRODUCTS_DIR)/V2RayC.app/Contents/MacOS/V2RayC";
			};
			name = Release;
		};
		82F15A8A213110750079E98A /* Debug */ = {
			isa = XCBuildConfiguration;
			buildSettings = {
				ALWAYS_EMBED_SWIFT_STANDARD_LIBRARIES = YES;
				CODE_SIGN_STYLE = Automatic;
				COMBINE_HIDPI_IMAGES = YES;
				DEVELOPMENT_TEAM = D64HA3E2LQ;
				INFOPLIST_FILE = V2RayCUITests/Info.plist;
				LD_RUNPATH_SEARCH_PATHS = (
					"$(inherited)",
					"@executable_path/../Frameworks",
					"@loader_path/../Frameworks",
				);
				PRODUCT_BUNDLE_IDENTIFIER = com.dromen.V2RayCUITests;
				PRODUCT_NAME = "$(TARGET_NAME)";
				SWIFT_VERSION = 4.0;
				TEST_TARGET_NAME = V2RayC;
			};
			name = Debug;
		};
		82F15A8B213110750079E98A /* Release */ = {
			isa = XCBuildConfiguration;
			buildSettings = {
				ALWAYS_EMBED_SWIFT_STANDARD_LIBRARIES = YES;
				CODE_SIGN_STYLE = Automatic;
				COMBINE_HIDPI_IMAGES = YES;
				DEVELOPMENT_TEAM = D64HA3E2LQ;
				INFOPLIST_FILE = V2RayCUITests/Info.plist;
				LD_RUNPATH_SEARCH_PATHS = (
					"$(inherited)",
					"@executable_path/../Frameworks",
					"@loader_path/../Frameworks",
				);
				PRODUCT_BUNDLE_IDENTIFIER = com.dromen.V2RayCUITests;
				PRODUCT_NAME = "$(TARGET_NAME)";
				SWIFT_VERSION = 4.0;
				TEST_TARGET_NAME = V2RayC;
			};
			name = Release;
		};
/* End XCBuildConfiguration section */

/* Begin XCConfigurationList section */
		82F15A5A213110730079E98A /* Build configuration list for PBXProject "V2RayC" */ = {
			isa = XCConfigurationList;
			buildConfigurations = (
				82F15A81213110750079E98A /* Debug */,
				82F15A82213110750079E98A /* Release */,
			);
			defaultConfigurationIsVisible = 0;
			defaultConfigurationName = Release;
		};
		82F15A83213110750079E98A /* Build configuration list for PBXNativeTarget "V2RayC" */ = {
			isa = XCConfigurationList;
			buildConfigurations = (
				82F15A84213110750079E98A /* Debug */,
				82F15A85213110750079E98A /* Release */,
			);
			defaultConfigurationIsVisible = 0;
			defaultConfigurationName = Release;
		};
		82F15A86213110750079E98A /* Build configuration list for PBXNativeTarget "V2RayCTests" */ = {
			isa = XCConfigurationList;
			buildConfigurations = (
				82F15A87213110750079E98A /* Debug */,
				82F15A88213110750079E98A /* Release */,
			);
			defaultConfigurationIsVisible = 0;
			defaultConfigurationName = Release;
		};
		82F15A89213110750079E98A /* Build configuration list for PBXNativeTarget "V2RayCUITests" */ = {
			isa = XCConfigurationList;
			buildConfigurations = (
				82F15A8A213110750079E98A /* Debug */,
				82F15A8B213110750079E98A /* Release */,
			);
			defaultConfigurationIsVisible = 0;
			defaultConfigurationName = Release;
		};
/* End XCConfigurationList section */
	};
	rootObject = 82F15A57213110730079E98A /* Project object */;
}
